{
  "originHash" : "fc2630676acdeae6713dd2a65f4fd75a850821f4586aa58ea9738e02790d3a1e",
  "pins" : [
    {
      "identity" : "swift-argument-parser",
      "kind" : "remoteSourceControl",
      "location" : "https://github.com/apple/swift-argument-parser.git",
      "state" : {
        "revision" : "41982a3656a71c768319979febd796c6fd111d5c",
        "version" : "1.5.0"
      }
    },
    {
      "identity" : "swift-mmio",
      "kind" : "remoteSourceControl",
      "location" : "https://github.com/apple/swift-mmio",
      "state" : {
        "revision" : "aebdfa527c6224b6cf5288290d75bb1d4e8d3053"
      }
    },
    {
      "identity" : "swift-syntax",
      "kind" : "remoteSourceControl",
      "location" : "https://github.com/swiftlang/swift-syntax.git",
      "state" : {
        "revision" : "64889f0c732f210a935a0ad7cda38f77f876262d",
        "version" : "509.1.1"
      }
    }
  ],
  "version" : 3
}
